
Microsoft Visual Studio Solution File, Format Version 12.00
# Visual Studio Version 17
VisualStudioVersion = 17.4.33122.133
MinimumVisualStudioVersion = 10.0.40219.1
Project("{9A19103F-16F7-4668-BE54-9A1E7A4F7556}") = "Solutions", "Solutions\Solutions.csproj", "{053E33FD-E74B-4DB6-A6B8-91FA201D48B7}"
EndProject
Project("{FAE04EC0-301F-11D3-BF4B-00C04F79EFBC}") = "Tests", "Tests\Tests.csproj", "{B2ED4B51-3AF2-4642-BF9F-008746AA9B74}"
EndProject
Global
	GlobalSection(SolutionConfigurationPlatforms) = preSolution
		Debug|Any CPU = Debug|Any CPU
		Release|Any CPU = Release|Any CPU
	EndGlobalSection
	GlobalSection(ProjectConfigurationPlatforms) = postSolution
		{053E33FD-E74B-4DB6-A6B8-91FA201D48B7}.Debug|Any CPU.ActiveCfg = Debug|Any CPU
		{053E33FD-E74B-4DB6-A6B8-91FA201D48B7}.Debug|Any CPU.Build.0 = Debug|Any CPU
		{053E33FD-E74B-4DB6-A6B8-91FA201D48B7}.Release|Any CPU.ActiveCfg = Release|Any CPU
		{053E33FD-E74B-4DB6-A6B8-91FA201D48B7}.Release|Any CPU.Build.0 = Release|Any CPU
		{B2ED4B51-3AF2-4642-BF9F-008746AA9B74}.Debug|Any CPU.ActiveCfg = Debug|Any CPU
		{B2ED4B51-3AF2-4642-BF9F-008746AA9B74}.Debug|Any CPU.Build.0 = Debug|Any CPU
		{B2ED4B51-3AF2-4642-BF9F-008746AA9B74}.Release|Any CPU.ActiveCfg = Release|Any CPU
		{B2ED4B51-3AF2-4642-BF9F-008746AA9B74}.Release|Any CPU.Build.0 = Release|Any CPU
	EndGlobalSection
	GlobalSection(SolutionProperties) = preSolution
		HideSolutionNode = FALSE
	EndGlobalSection
	GlobalSection(ExtensibilityGlobals) = postSolution
		SolutionGuid = {0194F77B-C124-4C30-931E-DEF3F167072F}
	EndGlobalSection
EndGlobal
